{
  "name": "keep-alive-alive",
  "version": "2.1.0",
  "lockfileVersion": 3,
  "requires": true,
  "packages": {
    "": {
      "name": "keep-alive-alive",
      "version": "2.1.0",
      "license": "ISC",
      "dependencies": {
        "keep-alive-reloader": "^1.2.2"
      }
    },
    "node_modules/keep-alive-reloader": {
      "version": "1.2.2",
      "resolved": "https://registry.npmjs.org/keep-alive-reloader/-/keep-alive-reloader-1.2.2.tgz",
      "integrity": "sha512-7t8m3zWayNJFtsjTgZ1lK4TUctN/3Gi+nG2PrABMiD0CF9SspAHRXgXFYeGRXqtuTzudt11wqvEl/OvcUoErrQ==",
      "dependencies": {
        "keep-alive-reloader": "^1.1.2"
      }
    }
  }
}
